
Microsoft Visual Studio Solution File, Format Version 12.00
# Visual Studio 2013
VisualStudioVersion = 12.0.31101.0
MinimumVisualStudioVersion = 10.0.40219.1
Project("{FAE04EC0-301F-11D3-BF4B-00C04F79EFBC}") = "HelloWorldHelicopter", "HelloWorldHelicopter\HelloWorldHelicopter.csproj", "{C6ABE872-9D00-4DF8-8EFF-4E7D8BAF3487}"
	ProjectSection(ProjectDependencies) = postProject
		{9B37318C-64AE-4626-B66C-9DA989457855} = {9B37318C-64AE-4626-B66C-9DA989457855}
	EndProjectSection
EndProject
Project("{FAE04EC0-301F-11D3-BF4B-00C04F79EFBC}") = "HelloWorldLibrary", "HelloWorldLibrary\HelloWorldLibrary.csproj", "{9B37318C-64AE-4626-B66C-9DA989457855}"
EndProject
Project("{2150E333-8FDC-42A3-9474-1A3956D46DE8}") = "Solution Items", "Solution Items", "{1438C2DF-9D12-42DC-9B9C-BE73E6086E14}"
	ProjectSection(SolutionItems) = preProject
		license.md = license.md
		readme.md = readme.md
	EndProjectSection
EndProject
Global
	GlobalSection(SolutionConfigurationPlatforms) = preSolution
		Debug|Any CPU = Debug|Any CPU
		Release|Any CPU = Release|Any CPU
	EndGlobalSection
	GlobalSection(ProjectConfigurationPlatforms) = postSolution
		{C6ABE872-9D00-4DF8-8EFF-4E7D8BAF3487}.Debug|Any CPU.ActiveCfg = Debug|Any CPU
		{C6ABE872-9D00-4DF8-8EFF-4E7D8BAF3487}.Debug|Any CPU.Build.0 = Debug|Any CPU
		{C6ABE872-9D00-4DF8-8EFF-4E7D8BAF3487}.Release|Any CPU.ActiveCfg = Release|Any CPU
		{C6ABE872-9D00-4DF8-8EFF-4E7D8BAF3487}.Release|Any CPU.Build.0 = Release|Any CPU
		{9B37318C-64AE-4626-B66C-9DA989457855}.Debug|Any CPU.ActiveCfg = Debug|Any CPU
		{9B37318C-64AE-4626-B66C-9DA989457855}.Debug|Any CPU.Build.0 = Debug|Any CPU
		{9B37318C-64AE-4626-B66C-9DA989457855}.Release|Any CPU.ActiveCfg = Release|Any CPU
		{9B37318C-64AE-4626-B66C-9DA989457855}.Release|Any CPU.Build.0 = Release|Any CPU
	EndGlobalSection
	GlobalSection(SolutionProperties) = preSolution
		HideSolutionNode = FALSE
	EndGlobalSection
EndGlobal
